
Microsoft Visual Studio Solution File, Format Version 12.00
# Visual Studio Version 16
VisualStudioVersion = 16.0.30907.101
MinimumVisualStudioVersion = 10.0.40219.1
Project("{9A19103F-16F7-4668-BE54-9A1E7A4F7556}") = "DataAccess", "DataAccess\DataAccess.csproj", "{A7AAA3E8-08D6-4887-B68B-EDF25993166D}"
EndProject
Project("{9A19103F-16F7-4668-BE54-9A1E7A4F7556}") = "Business", "Business\Business.csproj", "{51CED126-59E5-48B8-A1AA-88434F020E01}"
EndProject
Project("{9A19103F-16F7-4668-BE54-9A1E7A4F7556}") = "Entities", "Entities\Entities.csproj", "{5B6B7170-BD1A-4D55-8C34-85D1791D3FB2}"
EndProject
Project("{9A19103F-16F7-4668-BE54-9A1E7A4F7556}") = "ConsoleUI", "ConsoleUI\ConsoleUI.csproj", "{DA9390A3-C42D-4600-AC65-9897BD6013A9}"
EndProject
Project("{FAE04EC0-301F-11D3-BF4B-00C04F79EFBC}") = "Core", "Core\Core.csproj", "{095C94C2-F705-4207-9264-F572647E93D7}"
EndProject
Global
	GlobalSection(SolutionConfigurationPlatforms) = preSolution
		Debug|Any CPU = Debug|Any CPU
		Release|Any CPU = Release|Any CPU
	EndGlobalSection
	GlobalSection(ProjectConfigurationPlatforms) = postSolution
		{A7AAA3E8-08D6-4887-B68B-EDF25993166D}.Debug|Any CPU.ActiveCfg = Debug|Any CPU
		{A7AAA3E8-08D6-4887-B68B-EDF25993166D}.Debug|Any CPU.Build.0 = Debug|Any CPU
		{A7AAA3E8-08D6-4887-B68B-EDF25993166D}.Release|Any CPU.ActiveCfg = Release|Any CPU
		{A7AAA3E8-08D6-4887-B68B-EDF25993166D}.Release|Any CPU.Build.0 = Release|Any CPU
		{51CED126-59E5-48B8-A1AA-88434F020E01}.Debug|Any CPU.ActiveCfg = Debug|Any CPU
		{51CED126-59E5-48B8-A1AA-88434F020E01}.Debug|Any CPU.Build.0 = Debug|Any CPU
		{51CED126-59E5-48B8-A1AA-88434F020E01}.Release|Any CPU.ActiveCfg = Release|Any CPU
		{51CED126-59E5-48B8-A1AA-88434F020E01}.Release|Any CPU.Build.0 = Release|Any CPU
		{5B6B7170-BD1A-4D55-8C34-85D1791D3FB2}.Debug|Any CPU.ActiveCfg = Debug|Any CPU
		{5B6B7170-BD1A-4D55-8C34-85D1791D3FB2}.Debug|Any CPU.Build.0 = Debug|Any CPU
		{5B6B7170-BD1A-4D55-8C34-85D1791D3FB2}.Release|Any CPU.ActiveCfg = Release|Any CPU
		{5B6B7170-BD1A-4D55-8C34-85D1791D3FB2}.Release|Any CPU.Build.0 = Release|Any CPU
		{DA9390A3-C42D-4600-AC65-9897BD6013A9}.Debug|Any CPU.ActiveCfg = Debug|Any CPU
		{DA9390A3-C42D-4600-AC65-9897BD6013A9}.Debug|Any CPU.Build.0 = Debug|Any CPU
		{DA9390A3-C42D-4600-AC65-9897BD6013A9}.Release|Any CPU.ActiveCfg = Release|Any CPU
		{DA9390A3-C42D-4600-AC65-9897BD6013A9}.Release|Any CPU.Build.0 = Release|Any CPU
		{095C94C2-F705-4207-9264-F572647E93D7}.Debug|Any CPU.ActiveCfg = Debug|Any CPU
		{095C94C2-F705-4207-9264-F572647E93D7}.Debug|Any CPU.Build.0 = Debug|Any CPU
		{095C94C2-F705-4207-9264-F572647E93D7}.Release|Any CPU.ActiveCfg = Release|Any CPU
		{095C94C2-F705-4207-9264-F572647E93D7}.Release|Any CPU.Build.0 = Release|Any CPU
	EndGlobalSection
	GlobalSection(SolutionProperties) = preSolution
		HideSolutionNode = FALSE
	EndGlobalSection
	GlobalSection(ExtensibilityGlobals) = postSolution
		SolutionGuid = {3C7C7980-DDA0-4990-8D56-1BB92C811544}
	EndGlobalSection
EndGlobal
